
Microsoft Visual Studio Solution File, Format Version 12.00
# Visual Studio Version 17
VisualStudioVersion = 17.0.31903.59
MinimumVisualStudioVersion = 10.0.40219.1
Project("{FAE04EC0-301F-11D3-BF4B-00C04F79EFBC}") = "CLI", "CLI\CLI.csproj", "{DDCA69CB-5AEF-41E0-B676-4E6924A75F97}"
EndProject
Project("{FAE04EC0-301F-11D3-BF4B-00C04F79EFBC}") = "Common.Test", "Common.Test\Common.Test.csproj", "{77AC4779-2A28-4AE2-BBEC-BFA827DE2107}"
EndProject
Project("{FAE04EC0-301F-11D3-BF4B-00C04F79EFBC}") = "Common", "Common\Common.csproj", "{FCDF2212-5EEC-4BE0-8390-7A7BBD97B8A9}"
EndProject
Global
	GlobalSection(SolutionConfigurationPlatforms) = preSolution
		Debug|Any CPU = Debug|Any CPU
		Debug|x64 = Debug|x64
		Debug|x86 = Debug|x86
		Release|Any CPU = Release|Any CPU
		Release|x64 = Release|x64
		Release|x86 = Release|x86
	EndGlobalSection
	GlobalSection(ProjectConfigurationPlatforms) = postSolution
		{DDCA69CB-5AEF-41E0-B676-4E6924A75F97}.Debug|Any CPU.ActiveCfg = Debug|Any CPU
		{DDCA69CB-5AEF-41E0-B676-4E6924A75F97}.Debug|Any CPU.Build.0 = Debug|Any CPU
		{DDCA69CB-5AEF-41E0-B676-4E6924A75F97}.Debug|x64.ActiveCfg = Debug|Any CPU
		{DDCA69CB-5AEF-41E0-B676-4E6924A75F97}.Debug|x64.Build.0 = Debug|Any CPU
		{DDCA69CB-5AEF-41E0-B676-4E6924A75F97}.Debug|x86.ActiveCfg = Debug|Any CPU
		{DDCA69CB-5AEF-41E0-B676-4E6924A75F97}.Debug|x86.Build.0 = Debug|Any CPU
		{DDCA69CB-5AEF-41E0-B676-4E6924A75F97}.Release|Any CPU.ActiveCfg = Release|Any CPU
		{DDCA69CB-5AEF-41E0-B676-4E6924A75F97}.Release|Any CPU.Build.0 = Release|Any CPU
		{DDCA69CB-5AEF-41E0-B676-4E6924A75F97}.Release|x64.ActiveCfg = Release|Any CPU
		{DDCA69CB-5AEF-41E0-B676-4E6924A75F97}.Release|x64.Build.0 = Release|Any CPU
		{DDCA69CB-5AEF-41E0-B676-4E6924A75F97}.Release|x86.ActiveCfg = Release|Any CPU
		{DDCA69CB-5AEF-41E0-B676-4E6924A75F97}.Release|x86.Build.0 = Release|Any CPU
		{77AC4779-2A28-4AE2-BBEC-BFA827DE2107}.Debug|Any CPU.ActiveCfg = Debug|Any CPU
		{77AC4779-2A28-4AE2-BBEC-BFA827DE2107}.Debug|Any CPU.Build.0 = Debug|Any CPU
		{77AC4779-2A28-4AE2-BBEC-BFA827DE2107}.Debug|x64.ActiveCfg = Debug|Any CPU
		{77AC4779-2A28-4AE2-BBEC-BFA827DE2107}.Debug|x64.Build.0 = Debug|Any CPU
		{77AC4779-2A28-4AE2-BBEC-BFA827DE2107}.Debug|x86.ActiveCfg = Debug|Any CPU
		{77AC4779-2A28-4AE2-BBEC-BFA827DE2107}.Debug|x86.Build.0 = Debug|Any CPU
		{77AC4779-2A28-4AE2-BBEC-BFA827DE2107}.Release|Any CPU.ActiveCfg = Release|Any CPU
		{77AC4779-2A28-4AE2-BBEC-BFA827DE2107}.Release|Any CPU.Build.0 = Release|Any CPU
		{77AC4779-2A28-4AE2-BBEC-BFA827DE2107}.Release|x64.ActiveCfg = Release|Any CPU
		{77AC4779-2A28-4AE2-BBEC-BFA827DE2107}.Release|x64.Build.0 = Release|Any CPU
		{77AC4779-2A28-4AE2-BBEC-BFA827DE2107}.Release|x86.ActiveCfg = Release|Any CPU
		{77AC4779-2A28-4AE2-BBEC-BFA827DE2107}.Release|x86.Build.0 = Release|Any CPU
		{FCDF2212-5EEC-4BE0-8390-7A7BBD97B8A9}.Debug|Any CPU.ActiveCfg = Debug|Any CPU
		{FCDF2212-5EEC-4BE0-8390-7A7BBD97B8A9}.Debug|Any CPU.Build.0 = Debug|Any CPU
		{FCDF2212-5EEC-4BE0-8390-7A7BBD97B8A9}.Debug|x64.ActiveCfg = Debug|Any CPU
		{FCDF2212-5EEC-4BE0-8390-7A7BBD97B8A9}.Debug|x64.Build.0 = Debug|Any CPU
		{FCDF2212-5EEC-4BE0-8390-7A7BBD97B8A9}.Debug|x86.ActiveCfg = Debug|Any CPU
		{FCDF2212-5EEC-4BE0-8390-7A7BBD97B8A9}.Debug|x86.Build.0 = Debug|Any CPU
		{FCDF2212-5EEC-4BE0-8390-7A7BBD97B8A9}.Release|Any CPU.ActiveCfg = Release|Any CPU
		{FCDF2212-5EEC-4BE0-8390-7A7BBD97B8A9}.Release|Any CPU.Build.0 = Release|Any CPU
		{FCDF2212-5EEC-4BE0-8390-7A7BBD97B8A9}.Release|x64.ActiveCfg = Release|Any CPU
		{FCDF2212-5EEC-4BE0-8390-7A7BBD97B8A9}.Release|x64.Build.0 = Release|Any CPU
		{FCDF2212-5EEC-4BE0-8390-7A7BBD97B8A9}.Release|x86.ActiveCfg = Release|Any CPU
		{FCDF2212-5EEC-4BE0-8390-7A7BBD97B8A9}.Release|x86.Build.0 = Release|Any CPU
	EndGlobalSection
	GlobalSection(SolutionProperties) = preSolution
		HideSolutionNode = FALSE
	EndGlobalSection
EndGlobal
